
Microsoft Visual Studio Solution File, Format Version 12.00
# Visual Studio 15
VisualStudioVersion = 15.0.28010.2026
MinimumVisualStudioVersion = 10.0.40219.1
Project("{FAE04EC0-301F-11D3-BF4B-00C04F79EFBC}") = "WebApplication1", "WebApplication1\WebApplication1.csproj", "{AED1FE5E-557C-4FF2-8B93-A5D9F64DEFA9}"
EndProject
Global
	GlobalSection(SolutionConfigurationPlatforms) = preSolution
		Debug|Any CPU = Debug|Any CPU
		Release|Any CPU = Release|Any CPU
	EndGlobalSection
	GlobalSection(ProjectConfigurationPlatforms) = postSolution
		{AED1FE5E-557C-4FF2-8B93-A5D9F64DEFA9}.Debug|Any CPU.ActiveCfg = Debug|Any CPU
		{AED1FE5E-557C-4FF2-8B93-A5D9F64DEFA9}.Debug|Any CPU.Build.0 = Debug|Any CPU
		{AED1FE5E-557C-4FF2-8B93-A5D9F64DEFA9}.Release|Any CPU.ActiveCfg = Release|Any CPU
		{AED1FE5E-557C-4FF2-8B93-A5D9F64DEFA9}.Release|Any CPU.Build.0 = Release|Any CPU
	EndGlobalSection
	GlobalSection(SolutionProperties) = preSolution
		HideSolutionNode = FALSE
	EndGlobalSection
	GlobalSection(ExtensibilityGlobals) = postSolution
		SolutionGuid = {E199E57B-58DC-4FAE-BE4B-60D1967671E6}
	EndGlobalSection
EndGlobal
